
Microsoft Visual Studio Solution File, Format Version 12.00
# Visual Studio 2013
VisualStudioVersion = 12.0.40629.0
MinimumVisualStudioVersion = 10.0.40219.1
Project("{8BC9CEB8-8B4A-11D0-8D11-00A0C91BC942}") = "tabletennisplayer", "tabletennisplayer\tabletennisplayer.vcxproj", "{0668FB87-DA41-43C8-97AD-1A7014652802}"
EndProject
Global
	GlobalSection(SolutionConfigurationPlatforms) = preSolution
		Debug|Win32 = Debug|Win32
		Release|Win32 = Release|Win32
	EndGlobalSection
	GlobalSection(ProjectConfigurationPlatforms) = postSolution
		{0668FB87-DA41-43C8-97AD-1A7014652802}.Debug|Win32.ActiveCfg = Debug|Win32
		{0668FB87-DA41-43C8-97AD-1A7014652802}.Debug|Win32.Build.0 = Debug|Win32
		{0668FB87-DA41-43C8-97AD-1A7014652802}.Release|Win32.ActiveCfg = Release|Win32
		{0668FB87-DA41-43C8-97AD-1A7014652802}.Release|Win32.Build.0 = Release|Win32
	EndGlobalSection
	GlobalSection(SolutionProperties) = preSolution
		HideSolutionNode = FALSE
	EndGlobalSection
EndGlobal
